// !$*UTF8*$!
{
	archiveVersion = 1;
	classes = {
	};
	objectVersion = 46;
	objects = {

/* Begin PBXAggregateTarget section */
		4284F83518146DD2008D3B8C /* pwnat2 */ = {
			isa = PBXAggregateTarget;
			buildConfigurationList = 4284F83618146DD2008D3B8C /* Build configuration list for PBXAggregateTarget "pwnat2" */;
			buildPhases = (
			);
			dependencies = (
				4284F83A18146DD8008D3B8C /* PBXTargetDependency */,
				4284F83C18146DD8008D3B8C /* PBXTargetDependency */,
				4284F83E18146DD8008D3B8C /* PBXTargetDependency */,
			);
			name = pwnat2;
			productName = pwnat2;
		};
/* End PBXAggregateTarget section */

/* Begin PBXBuildFile section */
		4247B2A3181761F600C1612D /* network.c in Sources */ = {isa = PBXBuildFile; fileRef = 4247B2A0181761F600C1612D /* network.c */; };
		4247B2A4181761F600C1612D /* network.c in Sources */ = {isa = PBXBuildFile; fileRef = 4247B2A0181761F600C1612D /* network.c */; };
		4247B2A5181761F600C1612D /* network.c in Sources */ = {isa = PBXBuildFile; fileRef = 4247B2A0181761F600C1612D /* network.c */; };
		4247B2A71817633F00C1612D /* config.c in Sources */ = {isa = PBXBuildFile; fileRef = 4247B2A61817633F00C1612D /* config.c */; };
		4247B2A81817633F00C1612D /* config.c in Sources */ = {isa = PBXBuildFile; fileRef = 4247B2A61817633F00C1612D /* config.c */; };
		4247B2A91817633F00C1612D /* config.c in Sources */ = {isa = PBXBuildFile; fileRef = 4247B2A61817633F00C1612D /* config.c */; };
		4291AF8918138C87003F8680 /* common.c in Sources */ = {isa = PBXBuildFile; fileRef = 4291AF8818138C87003F8680 /* common.c */; };
		4291AF8A18138C8D003F8680 /* common.c in Sources */ = {isa = PBXBuildFile; fileRef = 4291AF8818138C87003F8680 /* common.c */; };
		4291AF8B18138C8D003F8680 /* common.c in Sources */ = {isa = PBXBuildFile; fileRef = 4291AF8818138C87003F8680 /* common.c */; };
		42B8EA45180F3CAA0032EA4B /* main.c in Sources */ = {isa = PBXBuildFile; fileRef = 42B8EA44180F3CAA0032EA4B /* main.c */; };
		42B8EA47180F3CAA0032EA4B /* server.1 in CopyFiles */ = {isa = PBXBuildFile; fileRef = 42B8EA46180F3CAA0032EA4B /* server.1 */; };
		42B8EA52180F3CB30032EA4B /* main.c in Sources */ = {isa = PBXBuildFile; fileRef = 42B8EA51180F3CB30032EA4B /* main.c */; };
		42B8EA54180F3CB30032EA4B /* provider.1 in CopyFiles */ = {isa = PBXBuildFile; fileRef = 42B8EA53180F3CB30032EA4B /* provider.1 */; };
		42B8EA5F180F3CB80032EA4B /* main.c in Sources */ = {isa = PBXBuildFile; fileRef = 42B8EA5E180F3CB80032EA4B /* main.c */; };
		42B8EA61180F3CB80032EA4B /* consumer.1 in CopyFiles */ = {isa = PBXBuildFile; fileRef = 42B8EA60180F3CB80032EA4B /* consumer.1 */; };
		42B8EA70180F6A2B0032EA4B /* libsqlite3.0.dylib in Frameworks */ = {isa = PBXBuildFile; fileRef = 42B8EA6F180F6A2B0032EA4B /* libsqlite3.0.dylib */; };
		42B8EA71180F6A360032EA4B /* libsqlite3.0.dylib in Frameworks */ = {isa = PBXBuildFile; fileRef = 42B8EA6F180F6A2B0032EA4B /* libsqlite3.0.dylib */; };
		42B8EA76180F6A6D0032EA4B /* libpcap.dylib in Frameworks */ = {isa = PBXBuildFile; fileRef = 42B8EA74180F6A5C0032EA4B /* libpcap.dylib */; };
		42B8EA77180F6A6D0032EA4B /* libsqlite3.0.dylib in Frameworks */ = {isa = PBXBuildFile; fileRef = 42B8EA6F180F6A2B0032EA4B /* libsqlite3.0.dylib */; };
/* End PBXBuildFile section */

/* Begin PBXContainerItemProxy section */
		4284F83918146DD8008D3B8C /* PBXContainerItemProxy */ = {
			isa = PBXContainerItemProxy;
			containerPortal = 42701A89180F3B7800DD33BC /* Project object */;
			proxyType = 1;
			remoteGlobalIDString = 42B8EA41180F3CAA0032EA4B;
			remoteInfo = server;
		};
		4284F83B18146DD8008D3B8C /* PBXContainerItemProxy */ = {
			isa = PBXContainerItemProxy;
			containerPortal = 42701A89180F3B7800DD33BC /* Project object */;
			proxyType = 1;
			remoteGlobalIDString = 42B8EA4E180F3CB30032EA4B;
			remoteInfo = provider;
		};
		4284F83D18146DD8008D3B8C /* PBXContainerItemProxy */ = {
			isa = PBXContainerItemProxy;
			containerPortal = 42701A89180F3B7800DD33BC /* Project object */;
			proxyType = 1;
			remoteGlobalIDString = 42B8EA5B180F3CB70032EA4B;
			remoteInfo = consumer;
		};
/* End PBXContainerItemProxy section */

/* Begin PBXCopyFilesBuildPhase section */
		42B8EA40180F3CAA0032EA4B /* CopyFiles */ = {
			isa = PBXCopyFilesBuildPhase;
			buildActionMask = 2147483647;
			dstPath = /usr/share/man/man1/;
			dstSubfolderSpec = 0;
			files = (
				42B8EA47180F3CAA0032EA4B /* server.1 in CopyFiles */,
			);
			runOnlyForDeploymentPostprocessing = 1;
		};
		42B8EA4D180F3CB30032EA4B /* CopyFiles */ = {
			isa = PBXCopyFilesBuildPhase;
			buildActionMask = 2147483647;
			dstPath = /usr/share/man/man1/;
			dstSubfolderSpec = 0;
			files = (
				42B8EA54180F3CB30032EA4B /* provider.1 in CopyFiles */,
			);
			runOnlyForDeploymentPostprocessing = 1;
		};
		42B8EA5A180F3CB70032EA4B /* CopyFiles */ = {
			isa = PBXCopyFilesBuildPhase;
			buildActionMask = 2147483647;
			dstPath = /usr/share/man/man1/;
			dstSubfolderSpec = 0;
			files = (
				42B8EA61180F3CB80032EA4B /* consumer.1 in CopyFiles */,
			);
			runOnlyForDeploymentPostprocessing = 1;
		};
/* End PBXCopyFilesBuildPhase section */

/* Begin PBXFileReference section */
		4247B2A0181761F600C1612D /* network.c */ = {isa = PBXFileReference; fileEncoding = 4; lastKnownFileType = sourcecode.c.c; path = network.c; sourceTree = "<group>"; };
		4247B2A1181761F600C1612D /* network.h */ = {isa = PBXFileReference; fileEncoding = 4; lastKnownFileType = sourcecode.c.h; path = network.h; sourceTree = "<group>"; };
		4247B2A2181761F600C1612D /* network.md */ = {isa = PBXFileReference; fileEncoding = 4; lastKnownFileType = text; path = network.md; sourceTree = "<group>"; };
		4247B2A61817633F00C1612D /* config.c */ = {isa = PBXFileReference; fileEncoding = 4; lastKnownFileType = sourcecode.c.c; path = config.c; sourceTree = "<group>"; };
		4284F83F181480A4008D3B8C /* Makefile */ = {isa = PBXFileReference; explicitFileType = text; path = Makefile; sourceTree = "<group>"; };
		4284F840181480A4008D3B8C /* README.md */ = {isa = PBXFileReference; lastKnownFileType = text; path = README.md; sourceTree = "<group>"; };
		4291AF87181379EF003F8680 /* common.h */ = {isa = PBXFileReference; lastKnownFileType = sourcecode.c.h; path = common.h; sourceTree = "<group>"; };
		4291AF8818138C87003F8680 /* common.c */ = {isa = PBXFileReference; fileEncoding = 4; lastKnownFileType = sourcecode.c.c; path = common.c; sourceTree = "<group>"; };
		42B8EA42180F3CAA0032EA4B /* server */ = {isa = PBXFileReference; explicitFileType = "compiled.mach-o.executable"; includeInIndex = 0; path = server; sourceTree = BUILT_PRODUCTS_DIR; };
		42B8EA44180F3CAA0032EA4B /* main.c */ = {isa = PBXFileReference; lastKnownFileType = sourcecode.c.c; path = main.c; sourceTree = "<group>"; };
		42B8EA46180F3CAA0032EA4B /* server.1 */ = {isa = PBXFileReference; lastKnownFileType = text.man; path = server.1; sourceTree = "<group>"; };
		42B8EA4F180F3CB30032EA4B /* provider */ = {isa = PBXFileReference; explicitFileType = "compiled.mach-o.executable"; includeInIndex = 0; path = provider; sourceTree = BUILT_PRODUCTS_DIR; };
		42B8EA51180F3CB30032EA4B /* main.c */ = {isa = PBXFileReference; lastKnownFileType = sourcecode.c.c; path = main.c; sourceTree = "<group>"; };
		42B8EA53180F3CB30032EA4B /* provider.1 */ = {isa = PBXFileReference; lastKnownFileType = text.man; path = provider.1; sourceTree = "<group>"; };
		42B8EA5C180F3CB70032EA4B /* consumer */ = {isa = PBXFileReference; explicitFileType = "compiled.mach-o.executable"; includeInIndex = 0; path = consumer; sourceTree = BUILT_PRODUCTS_DIR; };
		42B8EA5E180F3CB80032EA4B /* main.c */ = {isa = PBXFileReference; lastKnownFileType = sourcecode.c.c; path = main.c; sourceTree = "<group>"; };
		42B8EA60180F3CB80032EA4B /* consumer.1 */ = {isa = PBXFileReference; lastKnownFileType = text.man; path = consumer.1; sourceTree = "<group>"; };
		42B8EA6F180F6A2B0032EA4B /* libsqlite3.0.dylib */ = {isa = PBXFileReference; lastKnownFileType = "compiled.mach-o.dylib"; name = libsqlite3.0.dylib; path = usr/lib/libsqlite3.0.dylib; sourceTree = SDKROOT; };
		42B8EA74180F6A5C0032EA4B /* libpcap.dylib */ = {isa = PBXFileReference; lastKnownFileType = "compiled.mach-o.dylib"; name = libpcap.dylib; path = usr/lib/libpcap.dylib; sourceTree = SDKROOT; };
/* End PBXFileReference section */

/* Begin PBXFrameworksBuildPhase section */
		42B8EA3F180F3CAA0032EA4B /* Frameworks */ = {
			isa = PBXFrameworksBuildPhase;
			buildActionMask = 2147483647;
			files = (
				42B8EA70180F6A2B0032EA4B /* libsqlite3.0.dylib in Frameworks */,
			);
			runOnlyForDeploymentPostprocessing = 0;
		};
		42B8EA4C180F3CB30032EA4B /* Frameworks */ = {
			isa = PBXFrameworksBuildPhase;
			buildActionMask = 2147483647;
			files = (
				42B8EA71180F6A360032EA4B /* libsqlite3.0.dylib in Frameworks */,
			);
			runOnlyForDeploymentPostprocessing = 0;
		};
		42B8EA59180F3CB70032EA4B /* Frameworks */ = {
			isa = PBXFrameworksBuildPhase;
			buildActionMask = 2147483647;
			files = (
				42B8EA76180F6A6D0032EA4B /* libpcap.dylib in Frameworks */,
				42B8EA77180F6A6D0032EA4B /* libsqlite3.0.dylib in Frameworks */,
			);
			runOnlyForDeploymentPostprocessing = 0;
		};
/* End PBXFrameworksBuildPhase section */

/* Begin PBXGroup section */
		42701A88180F3B7800DD33BC = {
			isa = PBXGroup;
			children = (
				4284F83F181480A4008D3B8C /* Makefile */,
				4284F840181480A4008D3B8C /* README.md */,
				42B8EA69180F44170032EA4B /* network */,
				42701A93180F3B7800DD33BC /* common */,
				42B8EA43180F3CAA0032EA4B /* server */,
				42B8EA50180F3CB30032EA4B /* provider */,
				42B8EA5D180F3CB80032EA4B /* consumer */,
				42B8EA73180F6A470032EA4B /* Libraries */,
				42701A92180F3B7800DD33BC /* Products */,
			);
			sourceTree = "<group>";
		};
		42701A92180F3B7800DD33BC /* Products */ = {
			isa = PBXGroup;
			children = (
				42B8EA42180F3CAA0032EA4B /* server */,
				42B8EA4F180F3CB30032EA4B /* provider */,
				42B8EA5C180F3CB70032EA4B /* consumer */,
			);
			name = Products;
			sourceTree = "<group>";
		};
		42701A93180F3B7800DD33BC /* common */ = {
			isa = PBXGroup;
			children = (
				4247B2A2181761F600C1612D /* network.md */,
				4247B2A0181761F600C1612D /* network.c */,
				4247B2A1181761F600C1612D /* network.h */,
				4291AF87181379EF003F8680 /* common.h */,
				4291AF8818138C87003F8680 /* common.c */,
				4247B2A61817633F00C1612D /* config.c */,
			);
			path = common;
			sourceTree = "<group>";
		};
		42B8EA43180F3CAA0032EA4B /* server */ = {
			isa = PBXGroup;
			children = (
				42B8EA44180F3CAA0032EA4B /* main.c */,
				42B8EA46180F3CAA0032EA4B /* server.1 */,
			);
			path = server;
			sourceTree = "<group>";
		};
		42B8EA50180F3CB30032EA4B /* provider */ = {
			isa = PBXGroup;
			children = (
				42B8EA51180F3CB30032EA4B /* main.c */,
				42B8EA53180F3CB30032EA4B /* provider.1 */,
			);
			path = provider;
			sourceTree = "<group>";
		};
		42B8EA5D180F3CB80032EA4B /* consumer */ = {
			isa = PBXGroup;
			children = (
				42B8EA5E180F3CB80032EA4B /* main.c */,
				42B8EA60180F3CB80032EA4B /* consumer.1 */,
			);
			path = consumer;
			sourceTree = "<group>";
		};
		42B8EA69180F44170032EA4B /* network */ = {
			isa = PBXGroup;
			children = (
			);
			path = network;
			sourceTree = "<group>";
		};
		42B8EA73180F6A470032EA4B /* Libraries */ = {
			isa = PBXGroup;
			children = (
				42B8EA74180F6A5C0032EA4B /* libpcap.dylib */,
				42B8EA6F180F6A2B0032EA4B /* libsqlite3.0.dylib */,
			);
			name = Libraries;
			sourceTree = "<group>";
		};
/* End PBXGroup section */

/* Begin PBXNativeTarget section */
		42B8EA41180F3CAA0032EA4B /* server */ = {
			isa = PBXNativeTarget;
			buildConfigurationList = 42B8EA48180F3CAA0032EA4B /* Build configuration list for PBXNativeTarget "server" */;
			buildPhases = (
				42B8EA3E180F3CAA0032EA4B /* Sources */,
				42B8EA3F180F3CAA0032EA4B /* Frameworks */,
				42B8EA40180F3CAA0032EA4B /* CopyFiles */,
			);
			buildRules = (
			);
			dependencies = (
			);
			name = server;
			productName = server;
			productReference = 42B8EA42180F3CAA0032EA4B /* server */;
			productType = "com.apple.product-type.tool";
		};
		42B8EA4E180F3CB30032EA4B /* provider */ = {
			isa = PBXNativeTarget;
			buildConfigurationList = 42B8EA57180F3CB30032EA4B /* Build configuration list for PBXNativeTarget "provider" */;
			buildPhases = (
				42B8EA4B180F3CB30032EA4B /* Sources */,
				42B8EA4C180F3CB30032EA4B /* Frameworks */,
				42B8EA4D180F3CB30032EA4B /* CopyFiles */,
			);
			buildRules = (
			);
			dependencies = (
			);
			name = provider;
			productName = provider;
			productReference = 42B8EA4F180F3CB30032EA4B /* provider */;
			productType = "com.apple.product-type.tool";
		};
		42B8EA5B180F3CB70032EA4B /* consumer */ = {
			isa = PBXNativeTarget;
			buildConfigurationList = 42B8EA62180F3CB80032EA4B /* Build configuration list for PBXNativeTarget "consumer" */;
			buildPhases = (
				42B8EA58180F3CB70032EA4B /* Sources */,
				42B8EA59180F3CB70032EA4B /* Frameworks */,
				42B8EA5A180F3CB70032EA4B /* CopyFiles */,
			);
			buildRules = (
			);
			dependencies = (
			);
			name = consumer;
			productName = consumer;
			productReference = 42B8EA5C180F3CB70032EA4B /* consumer */;
			productType = "com.apple.product-type.tool";
		};
/* End PBXNativeTarget section */

/* Begin PBXProject section */
		42701A89180F3B7800DD33BC /* Project object */ = {
			isa = PBXProject;
			attributes = {
				LastUpgradeCheck = 0500;
				ORGANIZATIONNAME = Ethan;
			};
			buildConfigurationList = 42701A8C180F3B7800DD33BC /* Build configuration list for PBXProject "pwnat2" */;
			compatibilityVersion = "Xcode 3.2";
			developmentRegion = English;
			hasScannedForEncodings = 0;
			knownRegions = (
				en,
			);
			mainGroup = 42701A88180F3B7800DD33BC;
			productRefGroup = 42701A92180F3B7800DD33BC /* Products */;
			projectDirPath = "";
			projectRoot = "";
			targets = (
				42B8EA41180F3CAA0032EA4B /* server */,
				42B8EA4E180F3CB30032EA4B /* provider */,
				42B8EA5B180F3CB70032EA4B /* consumer */,
				4284F83518146DD2008D3B8C /* pwnat2 */,
			);
		};
/* End PBXProject section */

/* Begin PBXSourcesBuildPhase section */
		42B8EA3E180F3CAA0032EA4B /* Sources */ = {
			isa = PBXSourcesBuildPhase;
			buildActionMask = 2147483647;
			files = (
				4247B2A3181761F600C1612D /* network.c in Sources */,
				42B8EA45180F3CAA0032EA4B /* main.c in Sources */,
				4291AF8918138C87003F8680 /* common.c in Sources */,
				4247B2A71817633F00C1612D /* config.c in Sources */,
			);
			runOnlyForDeploymentPostprocessing = 0;
		};
		42B8EA4B180F3CB30032EA4B /* Sources */ = {
			isa = PBXSourcesBuildPhase;
			buildActionMask = 2147483647;
			files = (
				4247B2A4181761F600C1612D /* network.c in Sources */,
				4291AF8A18138C8D003F8680 /* common.c in Sources */,
				42B8EA52180F3CB30032EA4B /* main.c in Sources */,
				4247B2A81817633F00C1612D /* config.c in Sources */,
			);
			runOnlyForDeploymentPostprocessing = 0;
		};
		42B8EA58180F3CB70032EA4B /* Sources */ = {
			isa = PBXSourcesBuildPhase;
			buildActionMask = 2147483647;
			files = (
				4247B2A5181761F600C1612D /* network.c in Sources */,
				4291AF8B18138C8D003F8680 /* common.c in Sources */,
				42B8EA5F180F3CB80032EA4B /* main.c in Sources */,
				4247B2A91817633F00C1612D /* config.c in Sources */,
			);
			runOnlyForDeploymentPostprocessing = 0;
		};
/* End PBXSourcesBuildPhase section */

/* Begin PBXTargetDependency section */
		4284F83A18146DD8008D3B8C /* PBXTargetDependency */ = {
			isa = PBXTargetDependency;
			target = 42B8EA41180F3CAA0032EA4B /* server */;
			targetProxy = 4284F83918146DD8008D3B8C /* PBXContainerItemProxy */;
		};
		4284F83C18146DD8008D3B8C /* PBXTargetDependency */ = {
			isa = PBXTargetDependency;
			target = 42B8EA4E180F3CB30032EA4B /* provider */;
			targetProxy = 4284F83B18146DD8008D3B8C /* PBXContainerItemProxy */;
		};
		4284F83E18146DD8008D3B8C /* PBXTargetDependency */ = {
			isa = PBXTargetDependency;
			target = 42B8EA5B180F3CB70032EA4B /* consumer */;
			targetProxy = 4284F83D18146DD8008D3B8C /* PBXContainerItemProxy */;
		};
/* End PBXTargetDependency section */

/* Begin XCBuildConfiguration section */
		42701A98180F3B7800DD33BC /* Debug */ = {
			isa = XCBuildConfiguration;
			buildSettings = {
				ALWAYS_SEARCH_USER_PATHS = NO;
				CLANG_CXX_LANGUAGE_STANDARD = "gnu++0x";
				CLANG_CXX_LIBRARY = "libc++";
				CLANG_ENABLE_OBJC_ARC = YES;
				CLANG_WARN_BOOL_CONVERSION = YES;
				CLANG_WARN_CONSTANT_CONVERSION = YES;
				CLANG_WARN_DIRECT_OBJC_ISA_USAGE = YES_ERROR;
				CLANG_WARN_EMPTY_BODY = YES;
				CLANG_WARN_ENUM_CONVERSION = YES;
				CLANG_WARN_INT_CONVERSION = YES;
				CLANG_WARN_OBJC_ROOT_CLASS = YES_ERROR;
				CLANG_WARN__DUPLICATE_METHOD_MATCH = YES;
				COPY_PHASE_STRIP = NO;
				GCC_C_LANGUAGE_STANDARD = gnu99;
				GCC_DYNAMIC_NO_PIC = NO;
				GCC_ENABLE_OBJC_EXCEPTIONS = YES;
				GCC_OPTIMIZATION_LEVEL = 0;
				GCC_PREPROCESSOR_DEFINITIONS = (
					"DEBUG=1",
					"$(inherited)",
				);
				GCC_SYMBOLS_PRIVATE_EXTERN = NO;
				GCC_WARN_64_TO_32_BIT_CONVERSION = YES;
				GCC_WARN_ABOUT_RETURN_TYPE = YES_ERROR;
				GCC_WARN_UNDECLARED_SELECTOR = YES;
				GCC_WARN_UNINITIALIZED_AUTOS = YES;
				GCC_WARN_UNUSED_FUNCTION = YES;
				GCC_WARN_UNUSED_VARIABLE = YES;
				HEADER_SEARCH_PATHS = "$(inherited)";
				MACOSX_DEPLOYMENT_TARGET = 10.8;
				ONLY_ACTIVE_ARCH = YES;
				SDKROOT = macosx;
			};
			name = Debug;
		};
		42701A99180F3B7800DD33BC /* Release */ = {
			isa = XCBuildConfiguration;
			buildSettings = {
				ALWAYS_SEARCH_USER_PATHS = NO;
				CLANG_CXX_LANGUAGE_STANDARD = "gnu++0x";
				CLANG_CXX_LIBRARY = "libc++";
				CLANG_ENABLE_OBJC_ARC = YES;
				CLANG_WARN_BOOL_CONVERSION = YES;
				CLANG_WARN_CONSTANT_CONVERSION = YES;
				CLANG_WARN_DIRECT_OBJC_ISA_USAGE = YES_ERROR;
				CLANG_WARN_EMPTY_BODY = YES;
				CLANG_WARN_ENUM_CONVERSION = YES;
				CLANG_WARN_INT_CONVERSION = YES;
				CLANG_WARN_OBJC_ROOT_CLASS = YES_ERROR;
				CLANG_WARN__DUPLICATE_METHOD_MATCH = YES;
				COPY_PHASE_STRIP = YES;
				DEBUG_INFORMATION_FORMAT = "dwarf-with-dsym";
				ENABLE_NS_ASSERTIONS = NO;
				GCC_C_LANGUAGE_STANDARD = gnu99;
				GCC_ENABLE_OBJC_EXCEPTIONS = YES;
				GCC_WARN_64_TO_32_BIT_CONVERSION = YES;
				GCC_WARN_ABOUT_RETURN_TYPE = YES_ERROR;
				GCC_WARN_UNDECLARED_SELECTOR = YES;
				GCC_WARN_UNINITIALIZED_AUTOS = YES;
				GCC_WARN_UNUSED_FUNCTION = YES;
				GCC_WARN_UNUSED_VARIABLE = YES;
				HEADER_SEARCH_PATHS = "$(inherited)";
				MACOSX_DEPLOYMENT_TARGET = 10.8;
				SDKROOT = macosx;
			};
			name = Release;
		};
		4284F83718146DD2008D3B8C /* Debug */ = {
			isa = XCBuildConfiguration;
			buildSettings = {
				PRODUCT_NAME = "$(TARGET_NAME)";
			};
			name = Debug;
		};
		4284F83818146DD2008D3B8C /* Release */ = {
			isa = XCBuildConfiguration;
			buildSettings = {
				PRODUCT_NAME = "$(TARGET_NAME)";
			};
			name = Release;
		};
		42B8EA49180F3CAA0032EA4B /* Debug */ = {
			isa = XCBuildConfiguration;
			buildSettings = {
				GCC_PREPROCESSOR_DEFINITIONS = (
					"DEBUG=1",
					"$(inherited)",
				);
				PRODUCT_NAME = "$(TARGET_NAME)";
			};
			name = Debug;
		};
		42B8EA4A180F3CAA0032EA4B /* Release */ = {
			isa = XCBuildConfiguration;
			buildSettings = {
				PRODUCT_NAME = "$(TARGET_NAME)";
			};
			name = Release;
		};
		42B8EA55180F3CB30032EA4B /* Debug */ = {
			isa = XCBuildConfiguration;
			buildSettings = {
				GCC_PREPROCESSOR_DEFINITIONS = (
					"DEBUG=1",
					"$(inherited)",
				);
				PRODUCT_NAME = "$(TARGET_NAME)";
			};
			name = Debug;
		};
		42B8EA56180F3CB30032EA4B /* Release */ = {
			isa = XCBuildConfiguration;
			buildSettings = {
				PRODUCT_NAME = "$(TARGET_NAME)";
			};
			name = Release;
		};
		42B8EA63180F3CB80032EA4B /* Debug */ = {
			isa = XCBuildConfiguration;
			buildSettings = {
				GCC_PREPROCESSOR_DEFINITIONS = (
					"DEBUG=1",
					"$(inherited)",
				);
				PRODUCT_NAME = "$(TARGET_NAME)";
			};
			name = Debug;
		};
		42B8EA64180F3CB80032EA4B /* Release */ = {
			isa = XCBuildConfiguration;
			buildSettings = {
				PRODUCT_NAME = "$(TARGET_NAME)";
			};
			name = Release;
		};
/* End XCBuildConfiguration section */

/* Begin XCConfigurationList section */
		42701A8C180F3B7800DD33BC /* Build configuration list for PBXProject "pwnat2" */ = {
			isa = XCConfigurationList;
			buildConfigurations = (
				42701A98180F3B7800DD33BC /* Debug */,
				42701A99180F3B7800DD33BC /* Release */,
			);
			defaultConfigurationIsVisible = 0;
			defaultConfigurationName = Release;
		};
		4284F83618146DD2008D3B8C /* Build configuration list for PBXAggregateTarget "pwnat2" */ = {
			isa = XCConfigurationList;
			buildConfigurations = (
				4284F83718146DD2008D3B8C /* Debug */,
				4284F83818146DD2008D3B8C /* Release */,
			);
			defaultConfigurationIsVisible = 0;
			defaultConfigurationName = Release;
		};
		42B8EA48180F3CAA0032EA4B /* Build configuration list for PBXNativeTarget "server" */ = {
			isa = XCConfigurationList;
			buildConfigurations = (
				42B8EA49180F3CAA0032EA4B /* Debug */,
				42B8EA4A180F3CAA0032EA4B /* Release */,
			);
			defaultConfigurationIsVisible = 0;
			defaultConfigurationName = Release;
		};
		42B8EA57180F3CB30032EA4B /* Build configuration list for PBXNativeTarget "provider" */ = {
			isa = XCConfigurationList;
			buildConfigurations = (
				42B8EA55180F3CB30032EA4B /* Debug */,
				42B8EA56180F3CB30032EA4B /* Release */,
			);
			defaultConfigurationIsVisible = 0;
			defaultConfigurationName = Release;
		};
		42B8EA62180F3CB80032EA4B /* Build configuration list for PBXNativeTarget "consumer" */ = {
			isa = XCConfigurationList;
			buildConfigurations = (
				42B8EA63180F3CB80032EA4B /* Debug */,
				42B8EA64180F3CB80032EA4B /* Release */,
			);
			defaultConfigurationIsVisible = 0;
			defaultConfigurationName = Release;
		};
/* End XCConfigurationList section */
	};
	rootObject = 42701A89180F3B7800DD33BC /* Project object */;
}
